
Microsoft Visual Studio Solution File, Format Version 12.00
# Visual Studio 15
VisualStudioVersion = 15.0.27703.2018
MinimumVisualStudioVersion = 10.0.40219.1
Project("{FAE04EC0-301F-11D3-BF4B-00C04F79EFBC}") = "CultureChange", "CultureChange\CultureChange.csproj", "{03CA4837-AD1B-488F-A14E-C5C3C00A9403}"
EndProject
Global
	GlobalSection(SolutionConfigurationPlatforms) = preSolution
		Debug|Any CPU = Debug|Any CPU
		Release|Any CPU = Release|Any CPU
	EndGlobalSection
	GlobalSection(ProjectConfigurationPlatforms) = postSolution
		{03CA4837-AD1B-488F-A14E-C5C3C00A9403}.Debug|Any CPU.ActiveCfg = Debug|Any CPU
		{03CA4837-AD1B-488F-A14E-C5C3C00A9403}.Debug|Any CPU.Build.0 = Debug|Any CPU
		{03CA4837-AD1B-488F-A14E-C5C3C00A9403}.Release|Any CPU.ActiveCfg = Release|Any CPU
		{03CA4837-AD1B-488F-A14E-C5C3C00A9403}.Release|Any CPU.Build.0 = Release|Any CPU
	EndGlobalSection
	GlobalSection(SolutionProperties) = preSolution
		HideSolutionNode = FALSE
	EndGlobalSection
	GlobalSection(ExtensibilityGlobals) = postSolution
		SolutionGuid = {B1B56442-1378-493D-B52D-C7C16826978E}
	EndGlobalSection
EndGlobal
